// !$*UTF8*$!
{
	archiveVersion = 1;
	classes = {
	};
	objectVersion = 50;
	objects = {

/* Begin PBXBuildFile section */
		75A5B55A26232F840085AC93 /* PinwheelApp.swift in Sources */ = {isa = PBXBuildFile; fileRef = 75A5B55926232F840085AC93 /* PinwheelApp.swift */; };
		75A5B55C26232F840085AC93 /* ContentView.swift in Sources */ = {isa = PBXBuildFile; fileRef = 75A5B55B26232F840085AC93 /* ContentView.swift */; };
		75A5B55E26232F840085AC93 /* Assets.xcassets in Resources */ = {isa = PBXBuildFile; fileRef = 75A5B55D26232F840085AC93 /* Assets.xcassets */; };
		75A5B56126232F840085AC93 /* Preview Assets.xcassets in Resources */ = {isa = PBXBuildFile; fileRef = 75A5B56026232F840085AC93 /* Preview Assets.xcassets */; };
		75A5B56B26232FD80085AC93 /* WheelView.swift in Sources */ = {isa = PBXBuildFile; fileRef = 75A5B56A26232FD80085AC93 /* WheelView.swift */; };
		75B0236026244FD9004EE9F5 /* View+InverseMask.swift in Sources */ = {isa = PBXBuildFile; fileRef = 75B0235F26244FD9004EE9F5 /* View+InverseMask.swift */; };
		75B02365262450A0004EE9F5 /* WheelArc.swift in Sources */ = {isa = PBXBuildFile; fileRef = 75B02364262450A0004EE9F5 /* WheelArc.swift */; };
/* End PBXBuildFile section */

/* Begin PBXFileReference section */
		75A5B55626232F840085AC93 /* Pinwheel.app */ = {isa = PBXFileReference; explicitFileType = wrapper.application; includeInIndex = 0; path = Pinwheel.app; sourceTree = BUILT_PRODUCTS_DIR; };
		75A5B55926232F840085AC93 /* PinwheelApp.swift */ = {isa = PBXFileReference; lastKnownFileType = sourcecode.swift; path = PinwheelApp.swift; sourceTree = "<group>"; };
		75A5B55B26232F840085AC93 /* ContentView.swift */ = {isa = PBXFileReference; lastKnownFileType = sourcecode.swift; path = ContentView.swift; sourceTree = "<group>"; };
		75A5B55D26232F840085AC93 /* Assets.xcassets */ = {isa = PBXFileReference; lastKnownFileType = folder.assetcatalog; path = Assets.xcassets; sourceTree = "<group>"; };
		75A5B56026232F840085AC93 /* Preview Assets.xcassets */ = {isa = PBXFileReference; lastKnownFileType = folder.assetcatalog; path = "Preview Assets.xcassets"; sourceTree = "<group>"; };
		75A5B56226232F840085AC93 /* Info.plist */ = {isa = PBXFileReference; lastKnownFileType = text.plist.xml; path = Info.plist; sourceTree = "<group>"; };
		75A5B56326232F840085AC93 /* Pinwheel.entitlements */ = {isa = PBXFileReference; lastKnownFileType = text.plist.entitlements; path = Pinwheel.entitlements; sourceTree = "<group>"; };
		75A5B56A26232FD80085AC93 /* WheelView.swift */ = {isa = PBXFileReference; lastKnownFileType = sourcecode.swift; path = WheelView.swift; sourceTree = "<group>"; };
		75B0235F26244FD9004EE9F5 /* View+InverseMask.swift */ = {isa = PBXFileReference; lastKnownFileType = sourcecode.swift; path = "View+InverseMask.swift"; sourceTree = "<group>"; };
		75B02364262450A0004EE9F5 /* WheelArc.swift */ = {isa = PBXFileReference; lastKnownFileType = sourcecode.swift; path = WheelArc.swift; sourceTree = "<group>"; };
/* End PBXFileReference section */

/* Begin PBXFrameworksBuildPhase section */
		75A5B55326232F840085AC93 /* Frameworks */ = {
			isa = PBXFrameworksBuildPhase;
			buildActionMask = 2147483647;
			files = (
			);
			runOnlyForDeploymentPostprocessing = 0;
		};
/* End PBXFrameworksBuildPhase section */

/* Begin PBXGroup section */
		75A5B54D26232F840085AC93 = {
			isa = PBXGroup;
			children = (
				75A5B55826232F840085AC93 /* Pinwheel */,
				75A5B55726232F840085AC93 /* Products */,
			);
			sourceTree = "<group>";
		};
		75A5B55726232F840085AC93 /* Products */ = {
			isa = PBXGroup;
			children = (
				75A5B55626232F840085AC93 /* Pinwheel.app */,
			);
			name = Products;
			sourceTree = "<group>";
		};
		75A5B55826232F840085AC93 /* Pinwheel */ = {
			isa = PBXGroup;
			children = (
				75A5B55926232F840085AC93 /* PinwheelApp.swift */,
				75A5B55B26232F840085AC93 /* ContentView.swift */,
				75A5B56A26232FD80085AC93 /* WheelView.swift */,
				75B02364262450A0004EE9F5 /* WheelArc.swift */,
				75B0235F26244FD9004EE9F5 /* View+InverseMask.swift */,
				75A5B55D26232F840085AC93 /* Assets.xcassets */,
				75A5B56226232F840085AC93 /* Info.plist */,
				75A5B56326232F840085AC93 /* Pinwheel.entitlements */,
				75A5B55F26232F840085AC93 /* Preview Content */,
			);
			path = Pinwheel;
			sourceTree = "<group>";
		};
		75A5B55F26232F840085AC93 /* Preview Content */ = {
			isa = PBXGroup;
			children = (
				75A5B56026232F840085AC93 /* Preview Assets.xcassets */,
			);
			path = "Preview Content";
			sourceTree = "<group>";
		};
/* End PBXGroup section */

/* Begin PBXNativeTarget section */
		75A5B55526232F840085AC93 /* Pinwheel */ = {
			isa = PBXNativeTarget;
			buildConfigurationList = 75A5B56626232F840085AC93 /* Build configuration list for PBXNativeTarget "Pinwheel" */;
			buildPhases = (
				75A5B55226232F840085AC93 /* Sources */,
				75A5B55326232F840085AC93 /* Frameworks */,
				75A5B55426232F840085AC93 /* Resources */,
			);
			buildRules = (
			);
			dependencies = (
			);
			name = Pinwheel;
			productName = Pinwheel;
			productReference = 75A5B55626232F840085AC93 /* Pinwheel.app */;
			productType = "com.apple.product-type.application";
		};
/* End PBXNativeTarget section */

/* Begin PBXProject section */
		75A5B54E26232F840085AC93 /* Project object */ = {
			isa = PBXProject;
			attributes = {
				LastSwiftUpdateCheck = 1230;
				LastUpgradeCheck = 1230;
				TargetAttributes = {
					75A5B55526232F840085AC93 = {
						CreatedOnToolsVersion = 12.3;
					};
				};
			};
			buildConfigurationList = 75A5B55126232F840085AC93 /* Build configuration list for PBXProject "Pinwheel" */;
			compatibilityVersion = "Xcode 9.3";
			developmentRegion = en;
			hasScannedForEncodings = 0;
			knownRegions = (
				en,
				Base,
			);
			mainGroup = 75A5B54D26232F840085AC93;
			productRefGroup = 75A5B55726232F840085AC93 /* Products */;
			projectDirPath = "";
			projectRoot = "";
			targets = (
				75A5B55526232F840085AC93 /* Pinwheel */,
			);
		};
/* End PBXProject section */

/* Begin PBXResourcesBuildPhase section */
		75A5B55426232F840085AC93 /* Resources */ = {
			isa = PBXResourcesBuildPhase;
			buildActionMask = 2147483647;
			files = (
				75A5B56126232F840085AC93 /* Preview Assets.xcassets in Resources */,
				75A5B55E26232F840085AC93 /* Assets.xcassets in Resources */,
			);
			runOnlyForDeploymentPostprocessing = 0;
		};
/* End PBXResourcesBuildPhase section */

/* Begin PBXSourcesBuildPhase section */
		75A5B55226232F840085AC93 /* Sources */ = {
			isa = PBXSourcesBuildPhase;
			buildActionMask = 2147483647;
			files = (
				75A5B56B26232FD80085AC93 /* WheelView.swift in Sources */,
				75A5B55C26232F840085AC93 /* ContentView.swift in Sources */,
				75A5B55A26232F840085AC93 /* PinwheelApp.swift in Sources */,
				75B02365262450A0004EE9F5 /* WheelArc.swift in Sources */,
				75B0236026244FD9004EE9F5 /* View+InverseMask.swift in Sources */,
			);
			runOnlyForDeploymentPostprocessing = 0;
		};
/* End PBXSourcesBuildPhase section */

/* Begin XCBuildConfiguration section */
		75A5B56426232F840085AC93 /* Debug */ = {
			isa = XCBuildConfiguration;
			buildSettings = {
				ALWAYS_SEARCH_USER_PATHS = NO;
				CLANG_ANALYZER_NONNULL = YES;
				CLANG_ANALYZER_NUMBER_OBJECT_CONVERSION = YES_AGGRESSIVE;
				CLANG_CXX_LANGUAGE_STANDARD = "gnu++14";
				CLANG_CXX_LIBRARY = "libc++";
				CLANG_ENABLE_MODULES = YES;
				CLANG_ENABLE_OBJC_ARC = YES;
				CLANG_ENABLE_OBJC_WEAK = YES;
				CLANG_WARN_BLOCK_CAPTURE_AUTORELEASING = YES;
				CLANG_WARN_BOOL_CONVERSION = YES;
				CLANG_WARN_COMMA = YES;
				CLANG_WARN_CONSTANT_CONVERSION = YES;
				CLANG_WARN_DEPRECATED_OBJC_IMPLEMENTATIONS = YES;
				CLANG_WARN_DIRECT_OBJC_ISA_USAGE = YES_ERROR;
				CLANG_WARN_DOCUMENTATION_COMMENTS = YES;
				CLANG_WARN_EMPTY_BODY = YES;
				CLANG_WARN_ENUM_CONVERSION = YES;
				CLANG_WARN_INFINITE_RECURSION = YES;
				CLANG_WARN_INT_CONVERSION = YES;
				CLANG_WARN_NON_LITERAL_NULL_CONVERSION = YES;
				CLANG_WARN_OBJC_IMPLICIT_RETAIN_SELF = YES;
				CLANG_WARN_OBJC_LITERAL_CONVERSION = YES;
				CLANG_WARN_OBJC_ROOT_CLASS = YES_ERROR;
				CLANG_WARN_QUOTED_INCLUDE_IN_FRAMEWORK_HEADER = YES;
				CLANG_WARN_RANGE_LOOP_ANALYSIS = YES;
				CLANG_WARN_STRICT_PROTOTYPES = YES;
				CLANG_WARN_SUSPICIOUS_MOVE = YES;
				CLANG_WARN_UNGUARDED_AVAILABILITY = YES_AGGRESSIVE;
				CLANG_WARN_UNREACHABLE_CODE = YES;
				CLANG_WARN__DUPLICATE_METHOD_MATCH = YES;
				COPY_PHASE_STRIP = NO;
				DEBUG_INFORMATION_FORMAT = dwarf;
				ENABLE_STRICT_OBJC_MSGSEND = YES;
				ENABLE_TESTABILITY = YES;
				GCC_C_LANGUAGE_STANDARD = gnu11;
				GCC_DYNAMIC_NO_PIC = NO;
				GCC_NO_COMMON_BLOCKS = YES;
				GCC_OPTIMIZATION_LEVEL = 0;
				GCC_PREPROCESSOR_DEFINITIONS = (
					"DEBUG=1",
					"$(inherited)",
				);
				GCC_WARN_64_TO_32_BIT_CONVERSION = YES;
				GCC_WARN_ABOUT_RETURN_TYPE = YES_ERROR;
				GCC_WARN_UNDECLARED_SELECTOR = YES;
				GCC_WARN_UNINITIALIZED_AUTOS = YES_AGGRESSIVE;
				GCC_WARN_UNUSED_FUNCTION = YES;
				GCC_WARN_UNUSED_VARIABLE = YES;
				MACOSX_DEPLOYMENT_TARGET = 11.1;
				MTL_ENABLE_DEBUG_INFO = INCLUDE_SOURCE;
				MTL_FAST_MATH = YES;
				ONLY_ACTIVE_ARCH = YES;
				SDKROOT = macosx;
				SWIFT_ACTIVE_COMPILATION_CONDITIONS = DEBUG;
				SWIFT_OPTIMIZATION_LEVEL = "-Onone";
			};
			name = Debug;
		};
		75A5B56526232F840085AC93 /* Release */ = {
			isa = XCBuildConfiguration;
			buildSettings = {
				ALWAYS_SEARCH_USER_PATHS = NO;
				CLANG_ANALYZER_NONNULL = YES;
				CLANG_ANALYZER_NUMBER_OBJECT_CONVERSION = YES_AGGRESSIVE;
				CLANG_CXX_LANGUAGE_STANDARD = "gnu++14";
				CLANG_CXX_LIBRARY = "libc++";
				CLANG_ENABLE_MODULES = YES;
				CLANG_ENABLE_OBJC_ARC = YES;
				CLANG_ENABLE_OBJC_WEAK = YES;
				CLANG_WARN_BLOCK_CAPTURE_AUTORELEASING = YES;
				CLANG_WARN_BOOL_CONVERSION = YES;
				CLANG_WARN_COMMA = YES;
				CLANG_WARN_CONSTANT_CONVERSION = YES;
				CLANG_WARN_DEPRECATED_OBJC_IMPLEMENTATIONS = YES;
				CLANG_WARN_DIRECT_OBJC_ISA_USAGE = YES_ERROR;
				CLANG_WARN_DOCUMENTATION_COMMENTS = YES;
				CLANG_WARN_EMPTY_BODY = YES;
				CLANG_WARN_ENUM_CONVERSION = YES;
				CLANG_WARN_INFINITE_RECURSION = YES;
				CLANG_WARN_INT_CONVERSION = YES;
				CLANG_WARN_NON_LITERAL_NULL_CONVERSION = YES;
				CLANG_WARN_OBJC_IMPLICIT_RETAIN_SELF = YES;
				CLANG_WARN_OBJC_LITERAL_CONVERSION = YES;
				CLANG_WARN_OBJC_ROOT_CLASS = YES_ERROR;
				CLANG_WARN_QUOTED_INCLUDE_IN_FRAMEWORK_HEADER = YES;
				CLANG_WARN_RANGE_LOOP_ANALYSIS = YES;
				CLANG_WARN_STRICT_PROTOTYPES = YES;
				CLANG_WARN_SUSPICIOUS_MOVE = YES;
				CLANG_WARN_UNGUARDED_AVAILABILITY = YES_AGGRESSIVE;
				CLANG_WARN_UNREACHABLE_CODE = YES;
				CLANG_WARN__DUPLICATE_METHOD_MATCH = YES;
				COPY_PHASE_STRIP = NO;
				DEBUG_INFORMATION_FORMAT = "dwarf-with-dsym";
				ENABLE_NS_ASSERTIONS = NO;
				ENABLE_STRICT_OBJC_MSGSEND = YES;
				GCC_C_LANGUAGE_STANDARD = gnu11;
				GCC_NO_COMMON_BLOCKS = YES;
				GCC_WARN_64_TO_32_BIT_CONVERSION = YES;
				GCC_WARN_ABOUT_RETURN_TYPE = YES_ERROR;
				GCC_WARN_UNDECLARED_SELECTOR = YES;
				GCC_WARN_UNINITIALIZED_AUTOS = YES_AGGRESSIVE;
				GCC_WARN_UNUSED_FUNCTION = YES;
				GCC_WARN_UNUSED_VARIABLE = YES;
				MACOSX_DEPLOYMENT_TARGET = 11.1;
				MTL_ENABLE_DEBUG_INFO = NO;
				MTL_FAST_MATH = YES;
				SDKROOT = macosx;
				SWIFT_COMPILATION_MODE = wholemodule;
				SWIFT_OPTIMIZATION_LEVEL = "-O";
			};
			name = Release;
		};
		75A5B56726232F840085AC93 /* Debug */ = {
			isa = XCBuildConfiguration;
			buildSettings = {
				ASSETCATALOG_COMPILER_APPICON_NAME = AppIcon;
				ASSETCATALOG_COMPILER_GLOBAL_ACCENT_COLOR_NAME = AccentColor;
				CODE_SIGN_ENTITLEMENTS = Pinwheel/Pinwheel.entitlements;
				CODE_SIGN_STYLE = Automatic;
				COMBINE_HIDPI_IMAGES = YES;
				DEVELOPMENT_ASSET_PATHS = "\"Pinwheel/Preview Content\"";
				DEVELOPMENT_TEAM = ZQK6SX26CE;
				ENABLE_HARDENED_RUNTIME = YES;
				ENABLE_PREVIEWS = YES;
				INFOPLIST_FILE = Pinwheel/Info.plist;
				LD_RUNPATH_SEARCH_PATHS = (
					"$(inherited)",
					"@executable_path/../Frameworks",
				);
				MACOSX_DEPLOYMENT_TARGET = 11.0;
				PRODUCT_BUNDLE_IDENTIFIER = org.cindori.Pinwheel;
				PRODUCT_NAME = "$(TARGET_NAME)";
				SWIFT_VERSION = 5.0;
			};
			name = Debug;
		};
		75A5B56826232F840085AC93 /* Release */ = {
			isa = XCBuildConfiguration;
			buildSettings = {
				ASSETCATALOG_COMPILER_APPICON_NAME = AppIcon;
				ASSETCATALOG_COMPILER_GLOBAL_ACCENT_COLOR_NAME = AccentColor;
				CODE_SIGN_ENTITLEMENTS = Pinwheel/Pinwheel.entitlements;
				CODE_SIGN_STYLE = Automatic;
				COMBINE_HIDPI_IMAGES = YES;
				DEVELOPMENT_ASSET_PATHS = "\"Pinwheel/Preview Content\"";
				DEVELOPMENT_TEAM = ZQK6SX26CE;
				ENABLE_HARDENED_RUNTIME = YES;
				ENABLE_PREVIEWS = YES;
				INFOPLIST_FILE = Pinwheel/Info.plist;
				LD_RUNPATH_SEARCH_PATHS = (
					"$(inherited)",
					"@executable_path/../Frameworks",
				);
				MACOSX_DEPLOYMENT_TARGET = 11.0;
				PRODUCT_BUNDLE_IDENTIFIER = org.cindori.Pinwheel;
				PRODUCT_NAME = "$(TARGET_NAME)";
				SWIFT_VERSION = 5.0;
			};
			name = Release;
		};
/* End XCBuildConfiguration section */

/* Begin XCConfigurationList section */
		75A5B55126232F840085AC93 /* Build configuration list for PBXProject "Pinwheel" */ = {
			isa = XCConfigurationList;
			buildConfigurations = (
				75A5B56426232F840085AC93 /* Debug */,
				75A5B56526232F840085AC93 /* Release */,
			);
			defaultConfigurationIsVisible = 0;
			defaultConfigurationName = Release;
		};
		75A5B56626232F840085AC93 /* Build configuration list for PBXNativeTarget "Pinwheel" */ = {
			isa = XCConfigurationList;
			buildConfigurations = (
				75A5B56726232F840085AC93 /* Debug */,
				75A5B56826232F840085AC93 /* Release */,
			);
			defaultConfigurationIsVisible = 0;
			defaultConfigurationName = Release;
		};
/* End XCConfigurationList section */
	};
	rootObject = 75A5B54E26232F840085AC93 /* Project object */;
}
